<?xml version="1.0" encoding="utf-8"?>
<Project ToolsVersion="4.0" xmlns="http://schemas.microsoft.com/developer/msbuild/2003">
  <ItemGroup>
    <Filter Include="源文件">
      <UniqueIdentifier>{4FC737F1-C7A5-4376-A066-2A32D752A2FF}</UniqueIdentifier>
      <Extensions>cpp;c;cc;cxx;def;odl;idl;hpj;bat;asm;asmx</Extensions>
    </Filter>
    <Filter Include="头文件">
      <UniqueIdentifier>{93995380-89BD-4b04-88EB-625FBE52EBFB}</UniqueIdentifier>
      <Extensions>h;hpp;hxx;hm;inl;inc;xsd</Extensions>
    </Filter>
    <Filter Include="资源文件">
      <UniqueIdentifier>{67DA6AB6-F800-4c08-8B7A-83BB121AAD01}</UniqueIdentifier>
      <Extensions>rc;ico;cur;bmp;dlg;rc2;rct;bin;rgs;gif;jpg;jpeg;jpe;resx;tiff;tif;png;wav;mfcribbon-ms</Extensions>
    </Filter>
  </ItemGroup>
  <ItemGroup>
    <None Include="ReadMe.txt" />
    <None Include="FA2013.reg" />
    <None Include="UserImages.bmp">
      <Filter>资源文件</Filter>
    </None>
    <None Include="res\FA2013.rc2">
      <Filter>资源文件</Filter>
    </None>
    <None Include="res\FA2013Doc.ico">
      <Filter>资源文件</Filter>
    </None>
    <None Include="res\FA2013.ico">
      <Filter>资源文件</Filter>
    </None>
    <None Include="res\Toolbar.bmp">
      <Filter>资源文件</Filter>
    </None>
    <None Include="res\Toolbar256.bmp">
      <Filter>资源文件</Filter>
    </None>
    <None Include="POINTER.cur">
      <Filter>资源文件</Filter>
    </None>
    <None Include="res\bitmap1.bmp">
      <Filter>资源文件</Filter>
    </None>
    <None Include="NODROP.cur">
      <Filter>资源文件</Filter>
    </None>
    <None Include="Cross.cur">
      <Filter>资源文件</Filter>
    </None>
    <None Include="Cross1.cur">
      <Filter>资源文件</Filter>
    </None>
  </ItemGroup>
  <ItemGroup>
    <ClInclude Include="FA2013.h">
      <Filter>头文件</Filter>
    </ClInclude>
    <ClInclude Include="stdafx.h">
      <Filter>头文件</Filter>
    </ClInclude>
    <ClInclude Include="targetver.h">
      <Filter>头文件</Filter>
    </ClInclude>
    <ClInclude Include="MainFrm.h">
      <Filter>头文件</Filter>
    </ClInclude>
    <ClInclude Include="ChildFrm.h">
      <Filter>头文件</Filter>
    </ClInclude>
    <ClInclude Include="FA2013Doc.h">
      <Filter>头文件</Filter>
    </ClInclude>
    <ClInclude Include="AView.h">
      <Filter>头文件</Filter>
    </ClInclude>
    <ClInclude Include="Resource.h">
      <Filter>头文件</Filter>
    </ClInclude>
    <ClInclude Include="AChannel.h">
      <Filter>头文件</Filter>
    </ClInclude>
    <ClInclude Include="calc.h">
      <Filter>头文件</Filter>
    </ClInclude>
    <ClInclude Include="Comtrade.h">
      <Filter>头文件</Filter>
    </ClInclude>
    <ClInclude Include="fftpf.h">
      <Filter>头文件</Filter>
    </ClInclude>
    <ClInclude Include="splab_vector.h">
      <Filter>头文件</Filter>
    </ClInclude>
    <ClInclude Include="uniclass.h">
      <Filter>头文件</Filter>
    </ClInclude>
    <ClInclude Include="DView.h">
      <Filter>头文件</Filter>
    </ClInclude>
    <ClInclude Include="ComTime.h">
      <Filter>头文件</Filter>
    </ClInclude>
    <ClInclude Include="DlgHarmo.h">
      <Filter>头文件</Filter>
    </ClInclude>
    <ClInclude Include="drawcube.h">
      <Filter>头文件</Filter>
    </ClInclude>
    <ClInclude Include="DlgForm.h">
      <Filter>头文件</Filter>
    </ClInclude>
    <ClInclude Include="DlgPhase.h">
      <Filter>头文件</Filter>
    </ClInclude>
    <ClInclude Include="DlgSeqComp.h">
      <Filter>头文件</Filter>
    </ClInclude>
    <ClInclude Include="DlgVName.h">
      <Filter>头文件</Filter>
    </ClInclude>
    <ClInclude Include="DlgImp.h">
      <Filter>头文件</Filter>
    </ClInclude>
    <ClInclude Include="DlgBoundry.h">
      <Filter>头文件</Filter>
    </ClInclude>
    <ClInclude Include="DlgBdChild.h">
      <Filter>头文件</Filter>
    </ClInclude>
    <ClInclude Include="ThreadFunc.h">
      <Filter>头文件</Filter>
    </ClInclude>
    <ClInclude Include="Boundry.h">
      <Filter>头文件</Filter>
    </ClInclude>
    <ClInclude Include="DlgImpChanSel.h">
      <Filter>头文件</Filter>
    </ClInclude>
    <ClInclude Include="DlgBusDiff.h">
      <Filter>头文件</Filter>
    </ClInclude>
    <ClInclude Include="DlgBusDiffData.h">
      <Filter>头文件</Filter>
    </ClInclude>
    <ClInclude Include="DlgPower.h">
      <Filter>头文件</Filter>
    </ClInclude>
  </ItemGroup>
  <ItemGroup>
    <ClCompile Include="FA2013.cpp">
      <Filter>源文件</Filter>
    </ClCompile>
    <ClCompile Include="stdafx.cpp">
      <Filter>源文件</Filter>
    </ClCompile>
    <ClCompile Include="MainFrm.cpp">
      <Filter>源文件</Filter>
    </ClCompile>
    <ClCompile Include="ChildFrm.cpp">
      <Filter>源文件</Filter>
    </ClCompile>
    <ClCompile Include="FA2013Doc.cpp">
      <Filter>源文件</Filter>
    </ClCompile>
    <ClCompile Include="AView.cpp">
      <Filter>源文件</Filter>
    </ClCompile>
    <ClCompile Include="AChannel.cpp">
      <Filter>源文件</Filter>
    </ClCompile>
    <ClCompile Include="calc.cpp">
      <Filter>源文件</Filter>
    </ClCompile>
    <ClCompile Include="Comtrade.cpp">
      <Filter>源文件</Filter>
    </ClCompile>
    <ClCompile Include="DView.cpp">
      <Filter>源文件</Filter>
    </ClCompile>
    <ClCompile Include="ComTime.cpp">
      <Filter>源文件</Filter>
    </ClCompile>
    <ClCompile Include="DlgHarmo.cpp">
      <Filter>源文件</Filter>
    </ClCompile>
    <ClCompile Include="DrawCube.cpp">
      <Filter>源文件</Filter>
    </ClCompile>
    <ClCompile Include="DlgForm.cpp">
      <Filter>源文件</Filter>
    </ClCompile>
    <ClCompile Include="DlgPhase.cpp">
      <Filter>源文件</Filter>
    </ClCompile>
    <ClCompile Include="DlgSeqComp.cpp">
      <Filter>源文件</Filter>
    </ClCompile>
    <ClCompile Include="DlgVName.cpp">
      <Filter>源文件</Filter>
    </ClCompile>
    <ClCompile Include="DlgImp.cpp">
      <Filter>源文件</Filter>
    </ClCompile>
    <ClCompile Include="DlgBoundry.cpp">
      <Filter>源文件</Filter>
    </ClCompile>
    <ClCompile Include="DlgBdChild.cpp">
      <Filter>源文件</Filter>
    </ClCompile>
    <ClCompile Include="Boundry.cpp">
      <Filter>源文件</Filter>
    </ClCompile>
    <ClCompile Include="DlgImpChanSel.cpp">
      <Filter>源文件</Filter>
    </ClCompile>
    <ClCompile Include="DlgBusDiff.cpp">
      <Filter>源文件</Filter>
    </ClCompile>
    <ClCompile Include="DlgBusDiffData.cpp">
      <Filter>源文件</Filter>
    </ClCompile>
    <ClCompile Include="DlgPower.cpp">
      <Filter>源文件</Filter>
    </ClCompile>
  </ItemGroup>
  <ItemGroup>
    <ResourceCompile Include="FA2013.rc">
      <Filter>资源文件</Filter>
    </ResourceCompile>
  </ItemGroup>
</Project>